// !$*UTF8*$!
{
	archiveVersion = 1;
	classes = {
	};
	objectVersion = 46;
	objects = {

/* Begin PBXBuildFile section */
		1E09B5B71891AEE6005C875A /* oldMain.png in Resources */ = {isa = PBXBuildFile; fileRef = 1E09B5B61891AEE6005C875A /* oldMain.png */; };
		1E1B7FF3188B317500E52C80 /* sample.txt in Resources */ = {isa = PBXBuildFile; fileRef = 1E1B7FF2188B317500E52C80 /* sample.txt */; };
		1E501729188606D8006A6071 /* Building.m in Sources */ = {isa = PBXBuildFile; fileRef = 1E501728188606D8006A6071 /* Building.m */; };
		1E502DF1187DE67A000075F9 /* Foundation.framework in Frameworks */ = {isa = PBXBuildFile; fileRef = 1E502DF0187DE67A000075F9 /* Foundation.framework */; };
		1E502DF3187DE67A000075F9 /* CoreGraphics.framework in Frameworks */ = {isa = PBXBuildFile; fileRef = 1E502DF2187DE67A000075F9 /* CoreGraphics.framework */; };
		1E502DF5187DE67A000075F9 /* UIKit.framework in Frameworks */ = {isa = PBXBuildFile; fileRef = 1E502DF4187DE67A000075F9 /* UIKit.framework */; };
		1E502DFB187DE67A000075F9 /* InfoPlist.strings in Resources */ = {isa = PBXBuildFile; fileRef = 1E502DF9187DE67A000075F9 /* InfoPlist.strings */; };
		1E502DFD187DE67A000075F9 /* main.m in Sources */ = {isa = PBXBuildFile; fileRef = 1E502DFC187DE67A000075F9 /* main.m */; };
		1E502E01187DE67A000075F9 /* GAAppDelegate.m in Sources */ = {isa = PBXBuildFile; fileRef = 1E502E00187DE67A000075F9 /* GAAppDelegate.m */; };
		1E502E04187DE67A000075F9 /* Main_iPhone.storyboard in Resources */ = {isa = PBXBuildFile; fileRef = 1E502E02187DE67A000075F9 /* Main_iPhone.storyboard */; };
		1E502E07187DE67A000075F9 /* Main_iPad.storyboard in Resources */ = {isa = PBXBuildFile; fileRef = 1E502E05187DE67A000075F9 /* Main_iPad.storyboard */; };
		1E502E0A187DE67A000075F9 /* GAMasterViewController.m in Sources */ = {isa = PBXBuildFile; fileRef = 1E502E09187DE67A000075F9 /* GAMasterViewController.m */; };
		1E502E0F187DE67A000075F9 /* Images.xcassets in Resources */ = {isa = PBXBuildFile; fileRef = 1E502E0E187DE67A000075F9 /* Images.xcassets */; };
		1E502E16187DE67A000075F9 /* XCTest.framework in Frameworks */ = {isa = PBXBuildFile; fileRef = 1E502E15187DE67A000075F9 /* XCTest.framework */; };
		1E502E17187DE67A000075F9 /* Foundation.framework in Frameworks */ = {isa = PBXBuildFile; fileRef = 1E502DF0187DE67A000075F9 /* Foundation.framework */; };
		1E502E18187DE67A000075F9 /* UIKit.framework in Frameworks */ = {isa = PBXBuildFile; fileRef = 1E502DF4187DE67A000075F9 /* UIKit.framework */; };
		1E502E20187DE67A000075F9 /* InfoPlist.strings in Resources */ = {isa = PBXBuildFile; fileRef = 1E502E1E187DE67A000075F9 /* InfoPlist.strings */; };
		1E502E22187DE67A000075F9 /* GustavusAppTests.m in Sources */ = {isa = PBXBuildFile; fileRef = 1E502E21187DE67A000075F9 /* GustavusAppTests.m */; };
		1E502E36187DE7B2000075F9 /* NSData+MD5.m in Sources */ = {isa = PBXBuildFile; fileRef = 1E502E2D187DE7B2000075F9 /* NSData+MD5.m */; };
		1E502E37187DE7B2000075F9 /* NSString+MD5.m in Sources */ = {isa = PBXBuildFile; fileRef = 1E502E2F187DE7B2000075F9 /* NSString+MD5.m */; };
		1E502E38187DE7B2000075F9 /* PDFView.m in Sources */ = {isa = PBXBuildFile; fileRef = 1E502E31187DE7B2000075F9 /* PDFView.m */; };
		1E502E39187DE7B2000075F9 /* UIImage+PDF.m in Sources */ = {isa = PBXBuildFile; fileRef = 1E502E33187DE7B2000075F9 /* UIImage+PDF.m */; };
		1E502E3A187DE7B2000075F9 /* UIView+Image.m in Sources */ = {isa = PBXBuildFile; fileRef = 1E502E35187DE7B2000075F9 /* UIView+Image.m */; };
		1E502E3C187DE89F000075F9 /* gustavus.pdf in Resources */ = {isa = PBXBuildFile; fileRef = 1E502E3B187DE89F000075F9 /* gustavus.pdf */; };
		1E502E86187E2A13000075F9 /* QuartzCore.framework in Frameworks */ = {isa = PBXBuildFile; fileRef = 1E502E85187E2A13000075F9 /* QuartzCore.framework */; };
		1E5B079A18844B0F000578F5 /* GABuildingViewController.m in Sources */ = {isa = PBXBuildFile; fileRef = 1E5B079918844B0F000578F5 /* GABuildingViewController.m */; };
		1E5B07A41884ADF9000578F5 /* buildingInfo.plist in Resources */ = {isa = PBXBuildFile; fileRef = 1E5B07A31884ADF9000578F5 /* buildingInfo.plist */; };
		1E7CC26E188F654A00D1B9B9 /* SWRevealViewController.m in Sources */ = {isa = PBXBuildFile; fileRef = 1E7CC26D188F654A00D1B9B9 /* SWRevealViewController.m */; };
		1E9D2E6918899E6100D91FCD /* GABuildingManager.m in Sources */ = {isa = PBXBuildFile; fileRef = 1E9D2E6818899E6100D91FCD /* GABuildingManager.m */; };
		1EB085E5188C687900DD1224 /* A3ParallaxScrollView.m in Sources */ = {isa = PBXBuildFile; fileRef = 1EB085E4188C687900DD1224 /* A3ParallaxScrollView.m */; };
		1EB085E9188C7FCD00DD1224 /* Chapel-Winter@2x.png in Resources */ = {isa = PBXBuildFile; fileRef = 1EB085E8188C7FCD00DD1224 /* Chapel-Winter@2x.png */; };
/* End PBXBuildFile section */

/* Begin PBXContainerItemProxy section */
		1E502E19187DE67A000075F9 /* PBXContainerItemProxy */ = {
			isa = PBXContainerItemProxy;
			containerPortal = 1E502DE5187DE67A000075F9 /* Project object */;
			proxyType = 1;
			remoteGlobalIDString = 1E502DEC187DE67A000075F9;
			remoteInfo = GustavusApp;
		};
/* End PBXContainerItemProxy section */

/* Begin PBXFileReference section */
		1E09B5B61891AEE6005C875A /* oldMain.png */ = {isa = PBXFileReference; lastKnownFileType = image.png; path = oldMain.png; sourceTree = "<group>"; };
		1E1B7FF2188B317500E52C80 /* sample.txt */ = {isa = PBXFileReference; fileEncoding = 4; lastKnownFileType = text; path = sample.txt; sourceTree = "<group>"; };
		1E501727188606D8006A6071 /* Building.h */ = {isa = PBXFileReference; fileEncoding = 4; lastKnownFileType = sourcecode.c.h; name = Building.h; path = ../Building.h; sourceTree = "<group>"; };
		1E501728188606D8006A6071 /* Building.m */ = {isa = PBXFileReference; fileEncoding = 4; lastKnownFileType = sourcecode.c.objc; name = Building.m; path = ../Building.m; sourceTree = "<group>"; };
		1E502DED187DE67A000075F9 /* GustavusApp.app */ = {isa = PBXFileReference; explicitFileType = wrapper.application; includeInIndex = 0; path = GustavusApp.app; sourceTree = BUILT_PRODUCTS_DIR; };
		1E502DF0187DE67A000075F9 /* Foundation.framework */ = {isa = PBXFileReference; lastKnownFileType = wrapper.framework; name = Foundation.framework; path = System/Library/Frameworks/Foundation.framework; sourceTree = SDKROOT; };
		1E502DF2187DE67A000075F9 /* CoreGraphics.framework */ = {isa = PBXFileReference; lastKnownFileType = wrapper.framework; name = CoreGraphics.framework; path = System/Library/Frameworks/CoreGraphics.framework; sourceTree = SDKROOT; };
		1E502DF4187DE67A000075F9 /* UIKit.framework */ = {isa = PBXFileReference; lastKnownFileType = wrapper.framework; name = UIKit.framework; path = System/Library/Frameworks/UIKit.framework; sourceTree = SDKROOT; };
		1E502DF8187DE67A000075F9 /* GustavusApp-Info.plist */ = {isa = PBXFileReference; lastKnownFileType = text.plist.xml; path = "GustavusApp-Info.plist"; sourceTree = "<group>"; };
		1E502DFA187DE67A000075F9 /* en */ = {isa = PBXFileReference; lastKnownFileType = text.plist.strings; name = en; path = en.lproj/InfoPlist.strings; sourceTree = "<group>"; };
		1E502DFC187DE67A000075F9 /* main.m */ = {isa = PBXFileReference; lastKnownFileType = sourcecode.c.objc; path = main.m; sourceTree = "<group>"; };
		1E502DFE187DE67A000075F9 /* GustavusApp-Prefix.pch */ = {isa = PBXFileReference; lastKnownFileType = sourcecode.c.h; path = "GustavusApp-Prefix.pch"; sourceTree = "<group>"; };
		1E502DFF187DE67A000075F9 /* GAAppDelegate.h */ = {isa = PBXFileReference; lastKnownFileType = sourcecode.c.h; path = GAAppDelegate.h; sourceTree = "<group>"; };
		1E502E00187DE67A000075F9 /* GAAppDelegate.m */ = {isa = PBXFileReference; lastKnownFileType = sourcecode.c.objc; path = GAAppDelegate.m; sourceTree = "<group>"; };
		1E502E03187DE67A000075F9 /* Base */ = {isa = PBXFileReference; lastKnownFileType = file.storyboard; name = Base; path = Base.lproj/Main_iPhone.storyboard; sourceTree = "<group>"; };
		1E502E06187DE67A000075F9 /* Base */ = {isa = PBXFileReference; lastKnownFileType = file.storyboard; name = Base; path = Base.lproj/Main_iPad.storyboard; sourceTree = "<group>"; };
		1E502E08187DE67A000075F9 /* GAMasterViewController.h */ = {isa = PBXFileReference; lastKnownFileType = sourcecode.c.h; path = GAMasterViewController.h; sourceTree = "<group>"; };
		1E502E09187DE67A000075F9 /* GAMasterViewController.m */ = {isa = PBXFileReference; lastKnownFileType = sourcecode.c.objc; path = GAMasterViewController.m; sourceTree = "<group>"; };
		1E502E0E187DE67A000075F9 /* Images.xcassets */ = {isa = PBXFileReference; lastKnownFileType = folder.assetcatalog; path = Images.xcassets; sourceTree = "<group>"; };
		1E502E14187DE67A000075F9 /* GustavusAppTests.xctest */ = {isa = PBXFileReference; explicitFileType = wrapper.cfbundle; includeInIndex = 0; path = GustavusAppTests.xctest; sourceTree = BUILT_PRODUCTS_DIR; };
		1E502E15187DE67A000075F9 /* XCTest.framework */ = {isa = PBXFileReference; lastKnownFileType = wrapper.framework; name = XCTest.framework; path = Library/Frameworks/XCTest.framework; sourceTree = DEVELOPER_DIR; };
		1E502E1D187DE67A000075F9 /* GustavusAppTests-Info.plist */ = {isa = PBXFileReference; lastKnownFileType = text.plist.xml; path = "GustavusAppTests-Info.plist"; sourceTree = "<group>"; };
		1E502E1F187DE67A000075F9 /* en */ = {isa = PBXFileReference; lastKnownFileType = text.plist.strings; name = en; path = en.lproj/InfoPlist.strings; sourceTree = "<group>"; };
		1E502E21187DE67A000075F9 /* GustavusAppTests.m */ = {isa = PBXFileReference; lastKnownFileType = sourcecode.c.objc; path = GustavusAppTests.m; sourceTree = "<group>"; };
		1E502E2C187DE7B2000075F9 /* NSData+MD5.h */ = {isa = PBXFileReference; fileEncoding = 4; lastKnownFileType = sourcecode.c.h; path = "NSData+MD5.h"; sourceTree = "<group>"; };
		1E502E2D187DE7B2000075F9 /* NSData+MD5.m */ = {isa = PBXFileReference; fileEncoding = 4; lastKnownFileType = sourcecode.c.objc; path = "NSData+MD5.m"; sourceTree = "<group>"; };
		1E502E2E187DE7B2000075F9 /* NSString+MD5.h */ = {isa = PBXFileReference; fileEncoding = 4; lastKnownFileType = sourcecode.c.h; path = "NSString+MD5.h"; sourceTree = "<group>"; };
		1E502E2F187DE7B2000075F9 /* NSString+MD5.m */ = {isa = PBXFileReference; fileEncoding = 4; lastKnownFileType = sourcecode.c.objc; path = "NSString+MD5.m"; sourceTree = "<group>"; };
		1E502E30187DE7B2000075F9 /* PDFView.h */ = {isa = PBXFileReference; fileEncoding = 4; lastKnownFileType = sourcecode.c.h; path = PDFView.h; sourceTree = "<group>"; };
		1E502E31187DE7B2000075F9 /* PDFView.m */ = {isa = PBXFileReference; fileEncoding = 4; lastKnownFileType = sourcecode.c.objc; path = PDFView.m; sourceTree = "<group>"; };
		1E502E32187DE7B2000075F9 /* UIImage+PDF.h */ = {isa = PBXFileReference; fileEncoding = 4; lastKnownFileType = sourcecode.c.h; path = "UIImage+PDF.h"; sourceTree = "<group>"; };
		1E502E33187DE7B2000075F9 /* UIImage+PDF.m */ = {isa = PBXFileReference; fileEncoding = 4; lastKnownFileType = sourcecode.c.objc; path = "UIImage+PDF.m"; sourceTree = "<group>"; };
		1E502E34187DE7B2000075F9 /* UIView+Image.h */ = {isa = PBXFileReference; fileEncoding = 4; lastKnownFileType = sourcecode.c.h; path = "UIView+Image.h"; sourceTree = "<group>"; };
		1E502E35187DE7B2000075F9 /* UIView+Image.m */ = {isa = PBXFileReference; fileEncoding = 4; lastKnownFileType = sourcecode.c.objc; path = "UIView+Image.m"; sourceTree = "<group>"; };
		1E502E3B187DE89F000075F9 /* gustavus.pdf */ = {isa = PBXFileReference; lastKnownFileType = image.pdf; path = gustavus.pdf; sourceTree = "<group>"; };
		1E502E85187E2A13000075F9 /* QuartzCore.framework */ = {isa = PBXFileReference; lastKnownFileType = wrapper.framework; name = QuartzCore.framework; path = System/Library/Frameworks/QuartzCore.framework; sourceTree = SDKROOT; };
		1E5B079818844B0F000578F5 /* GABuildingViewController.h */ = {isa = PBXFileReference; fileEncoding = 4; lastKnownFileType = sourcecode.c.h; path = GABuildingViewController.h; sourceTree = "<group>"; };
		1E5B079918844B0F000578F5 /* GABuildingViewController.m */ = {isa = PBXFileReference; fileEncoding = 4; lastKnownFileType = sourcecode.c.objc; path = GABuildingViewController.m; sourceTree = "<group>"; };
		1E5B07A31884ADF9000578F5 /* buildingInfo.plist */ = {isa = PBXFileReference; fileEncoding = 4; lastKnownFileType = text.plist.xml; path = buildingInfo.plist; sourceTree = "<group>"; };
		1E7CC26C188F654A00D1B9B9 /* SWRevealViewController.h */ = {isa = PBXFileReference; fileEncoding = 4; lastKnownFileType = sourcecode.c.h; path = SWRevealViewController.h; sourceTree = "<group>"; };
		1E7CC26D188F654A00D1B9B9 /* SWRevealViewController.m */ = {isa = PBXFileReference; fileEncoding = 4; lastKnownFileType = sourcecode.c.objc; path = SWRevealViewController.m; sourceTree = "<group>"; };
		1E9D2E6718899E6100D91FCD /* GABuildingManager.h */ = {isa = PBXFileReference; fileEncoding = 4; lastKnownFileType = sourcecode.c.h; path = GABuildingManager.h; sourceTree = "<group>"; };
		1E9D2E6818899E6100D91FCD /* GABuildingManager.m */ = {isa = PBXFileReference; fileEncoding = 4; lastKnownFileType = sourcecode.c.objc; path = GABuildingManager.m; sourceTree = "<group>"; };
		1EB085E3188C687900DD1224 /* A3ParallaxScrollView.h */ = {isa = PBXFileReference; fileEncoding = 4; lastKnownFileType = sourcecode.c.h; path = A3ParallaxScrollView.h; sourceTree = "<group>"; };
		1EB085E4188C687900DD1224 /* A3ParallaxScrollView.m */ = {isa = PBXFileReference; fileEncoding = 4; lastKnownFileType = sourcecode.c.objc; path = A3ParallaxScrollView.m; sourceTree = "<group>"; };
		1EB085E8188C7FCD00DD1224 /* Chapel-Winter@2x.png */ = {isa = PBXFileReference; lastKnownFileType = image.png; path = "Chapel-Winter@2x.png"; sourceTree = "<group>"; };
/* End PBXFileReference section */

/* Begin PBXFrameworksBuildPhase section */
		1E502DEA187DE67A000075F9 /* Frameworks */ = {
			isa = PBXFrameworksBuildPhase;
			buildActionMask = 2147483647;
			files = (
				1E502E86187E2A13000075F9 /* QuartzCore.framework in Frameworks */,
				1E502DF3187DE67A000075F9 /* CoreGraphics.framework in Frameworks */,
				1E502DF5187DE67A000075F9 /* UIKit.framework in Frameworks */,
				1E502DF1187DE67A000075F9 /* Foundation.framework in Frameworks */,
			);
			runOnlyForDeploymentPostprocessing = 0;
		};
		1E502E11187DE67A000075F9 /* Frameworks */ = {
			isa = PBXFrameworksBuildPhase;
			buildActionMask = 2147483647;
			files = (
				1E502E16187DE67A000075F9 /* XCTest.framework in Frameworks */,
				1E502E18187DE67A000075F9 /* UIKit.framework in Frameworks */,
				1E502E17187DE67A000075F9 /* Foundation.framework in Frameworks */,
			);
			runOnlyForDeploymentPostprocessing = 0;
		};
/* End PBXFrameworksBuildPhase section */

/* Begin PBXGroup section */
		1E09B5B51891AED8005C875A /* Building Images */ = {
			isa = PBXGroup;
			children = (
				1E09B5B61891AEE6005C875A /* oldMain.png */,
			);
			name = "Building Images";
			sourceTree = "<group>";
		};
		1E50172618860683006A6071 /* ViewControllers */ = {
			isa = PBXGroup;
			children = (
				1E502E08187DE67A000075F9 /* GAMasterViewController.h */,
				1E502E09187DE67A000075F9 /* GAMasterViewController.m */,
				1E5B079818844B0F000578F5 /* GABuildingViewController.h */,
				1E5B079918844B0F000578F5 /* GABuildingViewController.m */,
			);
			name = ViewControllers;
			sourceTree = "<group>";
		};
		1E50172A188606E5006A6071 /* Model */ = {
			isa = PBXGroup;
			children = (
				1E501727188606D8006A6071 /* Building.h */,
				1E501728188606D8006A6071 /* Building.m */,
				1E9D2E6718899E6100D91FCD /* GABuildingManager.h */,
				1E9D2E6818899E6100D91FCD /* GABuildingManager.m */,
			);
			name = Model;
			sourceTree = "<group>";
		};
		1E502DE4187DE67A000075F9 = {
			isa = PBXGroup;
			children = (
				1E502DF6187DE67A000075F9 /* GustavusApp */,
				1E502E1B187DE67A000075F9 /* GustavusAppTests */,
				1E502DEF187DE67A000075F9 /* Frameworks */,
				1E502DEE187DE67A000075F9 /* Products */,
				1E7CC26B188F654A00D1B9B9 /* SWRevealViewController */,
				1EB085E2188C687900DD1224 /* A3ParallaxScrollView */,
				1E502E2B187DE797000075F9 /* UIImage+PDF */,
			);
			sourceTree = "<group>";
		};
		1E502DEE187DE67A000075F9 /* Products */ = {
			isa = PBXGroup;
			children = (
				1E502DED187DE67A000075F9 /* GustavusApp.app */,
				1E502E14187DE67A000075F9 /* GustavusAppTests.xctest */,
			);
			name = Products;
			sourceTree = "<group>";
		};
		1E502DEF187DE67A000075F9 /* Frameworks */ = {
			isa = PBXGroup;
			children = (
				1E502E85187E2A13000075F9 /* QuartzCore.framework */,
				1E502DF0187DE67A000075F9 /* Foundation.framework */,
				1E502DF2187DE67A000075F9 /* CoreGraphics.framework */,
				1E502DF4187DE67A000075F9 /* UIKit.framework */,
				1E502E15187DE67A000075F9 /* XCTest.framework */,
			);
			name = Frameworks;
			sourceTree = "<group>";
		};
		1E502DF6187DE67A000075F9 /* GustavusApp */ = {
			isa = PBXGroup;
			children = (
				1E502DFF187DE67A000075F9 /* GAAppDelegate.h */,
				1E502E00187DE67A000075F9 /* GAAppDelegate.m */,
				1E502E02187DE67A000075F9 /* Main_iPhone.storyboard */,
				1E502E05187DE67A000075F9 /* Main_iPad.storyboard */,
				1E50172A188606E5006A6071 /* Model */,
				1E50172618860683006A6071 /* ViewControllers */,
				1E502E0E187DE67A000075F9 /* Images.xcassets */,
				1EB1AC8B188F237A00E7CE18 /* Images */,
				1EB1AC8C188F239B00E7CE18 /* Text */,
				1E502DF7187DE67A000075F9 /* Supporting Files */,
			);
			path = GustavusApp;
			sourceTree = "<group>";
		};
		1E502DF7187DE67A000075F9 /* Supporting Files */ = {
			isa = PBXGroup;
			children = (
				1E5B07A31884ADF9000578F5 /* buildingInfo.plist */,
				1E502E3B187DE89F000075F9 /* gustavus.pdf */,
				1E502DF8187DE67A000075F9 /* GustavusApp-Info.plist */,
				1E502DF9187DE67A000075F9 /* InfoPlist.strings */,
				1E502DFC187DE67A000075F9 /* main.m */,
				1E502DFE187DE67A000075F9 /* GustavusApp-Prefix.pch */,
			);
			name = "Supporting Files";
			sourceTree = "<group>";
		};
		1E502E1B187DE67A000075F9 /* GustavusAppTests */ = {
			isa = PBXGroup;
			children = (
				1E502E21187DE67A000075F9 /* GustavusAppTests.m */,
				1E502E1C187DE67A000075F9 /* Supporting Files */,
			);
			path = GustavusAppTests;
			sourceTree = "<group>";
		};
		1E502E1C187DE67A000075F9 /* Supporting Files */ = {
			isa = PBXGroup;
			children = (
				1E502E1D187DE67A000075F9 /* GustavusAppTests-Info.plist */,
				1E502E1E187DE67A000075F9 /* InfoPlist.strings */,
			);
			name = "Supporting Files";
			sourceTree = "<group>";
		};
		1E502E2B187DE797000075F9 /* UIImage+PDF */ = {
			isa = PBXGroup;
			children = (
				1E502E2C187DE7B2000075F9 /* NSData+MD5.h */,
				1E502E2D187DE7B2000075F9 /* NSData+MD5.m */,
				1E502E2E187DE7B2000075F9 /* NSString+MD5.h */,
				1E502E2F187DE7B2000075F9 /* NSString+MD5.m */,
				1E502E30187DE7B2000075F9 /* PDFView.h */,
				1E502E31187DE7B2000075F9 /* PDFView.m */,
				1E502E32187DE7B2000075F9 /* UIImage+PDF.h */,
				1E502E33187DE7B2000075F9 /* UIImage+PDF.m */,
				1E502E34187DE7B2000075F9 /* UIView+Image.h */,
				1E502E35187DE7B2000075F9 /* UIView+Image.m */,
			);
			name = "UIImage+PDF";
			sourceTree = "<group>";
		};
		1E7CC26B188F654A00D1B9B9 /* SWRevealViewController */ = {
			isa = PBXGroup;
			children = (
				1E7CC26C188F654A00D1B9B9 /* SWRevealViewController.h */,
				1E7CC26D188F654A00D1B9B9 /* SWRevealViewController.m */,
			);
			path = SWRevealViewController;
			sourceTree = "<group>";
		};
		1EB085E2188C687900DD1224 /* A3ParallaxScrollView */ = {
			isa = PBXGroup;
			children = (
				1EB085E3188C687900DD1224 /* A3ParallaxScrollView.h */,
				1EB085E4188C687900DD1224 /* A3ParallaxScrollView.m */,
			);
			path = A3ParallaxScrollView;
			sourceTree = "<group>";
		};
		1EB1AC8B188F237A00E7CE18 /* Images */ = {
			isa = PBXGroup;
			children = (
				1E09B5B51891AED8005C875A /* Building Images */,
				1EB085E8188C7FCD00DD1224 /* Chapel-Winter@2x.png */,
			);
			name = Images;
			sourceTree = "<group>";
		};
		1EB1AC8C188F239B00E7CE18 /* Text */ = {
			isa = PBXGroup;
			children = (
				1E1B7FF2188B317500E52C80 /* sample.txt */,
			);
			name = Text;
			sourceTree = "<group>";
		};
/* End PBXGroup section */

/* Begin PBXNativeTarget section */
		1E502DEC187DE67A000075F9 /* GustavusApp */ = {
			isa = PBXNativeTarget;
			buildConfigurationList = 1E502E25187DE67A000075F9 /* Build configuration list for PBXNativeTarget "GustavusApp" */;
			buildPhases = (
				1E502DE9187DE67A000075F9 /* Sources */,
				1E502DEA187DE67A000075F9 /* Frameworks */,
				1E502DEB187DE67A000075F9 /* Resources */,
			);
			buildRules = (
			);
			dependencies = (
			);
			name = GustavusApp;
			productName = GustavusApp;
			productReference = 1E502DED187DE67A000075F9 /* GustavusApp.app */;
			productType = "com.apple.product-type.application";
		};
		1E502E13187DE67A000075F9 /* GustavusAppTests */ = {
			isa = PBXNativeTarget;
			buildConfigurationList = 1E502E28187DE67A000075F9 /* Build configuration list for PBXNativeTarget "GustavusAppTests" */;
			buildPhases = (
				1E502E10187DE67A000075F9 /* Sources */,
				1E502E11187DE67A000075F9 /* Frameworks */,
				1E502E12187DE67A000075F9 /* Resources */,
			);
			buildRules = (
			);
			dependencies = (
				1E502E1A187DE67A000075F9 /* PBXTargetDependency */,
			);
			name = GustavusAppTests;
			productName = GustavusAppTests;
			productReference = 1E502E14187DE67A000075F9 /* GustavusAppTests.xctest */;
			productType = "com.apple.product-type.bundle.unit-test";
		};
/* End PBXNativeTarget section */

/* Begin PBXProject section */
		1E502DE5187DE67A000075F9 /* Project object */ = {
			isa = PBXProject;
			attributes = {
				CLASSPREFIX = GA;
				LastUpgradeCheck = 0500;
				ORGANIZATIONNAME = "Tucker Saude";
				TargetAttributes = {
					1E502DEC187DE67A000075F9 = {
						DevelopmentTeam = WXBH4AY56B;
					};
					1E502E13187DE67A000075F9 = {
						TestTargetID = 1E502DEC187DE67A000075F9;
					};
				};
			};
			buildConfigurationList = 1E502DE8187DE67A000075F9 /* Build configuration list for PBXProject "GustavusApp" */;
			compatibilityVersion = "Xcode 3.2";
			developmentRegion = English;
			hasScannedForEncodings = 0;
			knownRegions = (
				en,
				Base,
			);
			mainGroup = 1E502DE4187DE67A000075F9;
			productRefGroup = 1E502DEE187DE67A000075F9 /* Products */;
			projectDirPath = "";
			projectRoot = "";
			targets = (
				1E502DEC187DE67A000075F9 /* GustavusApp */,
				1E502E13187DE67A000075F9 /* GustavusAppTests */,
			);
		};
/* End PBXProject section */

/* Begin PBXResourcesBuildPhase section */
		1E502DEB187DE67A000075F9 /* Resources */ = {
			isa = PBXResourcesBuildPhase;
			buildActionMask = 2147483647;
			files = (
				1E5B07A41884ADF9000578F5 /* buildingInfo.plist in Resources */,
				1E502E3C187DE89F000075F9 /* gustavus.pdf in Resources */,
				1E502E07187DE67A000075F9 /* Main_iPad.storyboard in Resources */,
				1E09B5B71891AEE6005C875A /* oldMain.png in Resources */,
				1E502E0F187DE67A000075F9 /* Images.xcassets in Resources */,
				1E1B7FF3188B317500E52C80 /* sample.txt in Resources */,
				1E502E04187DE67A000075F9 /* Main_iPhone.storyboard in Resources */,
				1E502DFB187DE67A000075F9 /* InfoPlist.strings in Resources */,
				1EB085E9188C7FCD00DD1224 /* Chapel-Winter@2x.png in Resources */,
			);
			runOnlyForDeploymentPostprocessing = 0;
		};
		1E502E12187DE67A000075F9 /* Resources */ = {
			isa = PBXResourcesBuildPhase;
			buildActionMask = 2147483647;
			files = (
				1E502E20187DE67A000075F9 /* InfoPlist.strings in Resources */,
			);
			runOnlyForDeploymentPostprocessing = 0;
		};
/* End PBXResourcesBuildPhase section */

/* Begin PBXSourcesBuildPhase section */
		1E502DE9187DE67A000075F9 /* Sources */ = {
			isa = PBXSourcesBuildPhase;
			buildActionMask = 2147483647;
			files = (
				1E7CC26E188F654A00D1B9B9 /* SWRevealViewController.m in Sources */,
				1E5B079A18844B0F000578F5 /* GABuildingViewController.m in Sources */,
				1E502E37187DE7B2000075F9 /* NSString+MD5.m in Sources */,
				1EB085E5188C687900DD1224 /* A3ParallaxScrollView.m in Sources */,
				1E502E3A187DE7B2000075F9 /* UIView+Image.m in Sources */,
				1E9D2E6918899E6100D91FCD /* GABuildingManager.m in Sources */,
				1E502E0A187DE67A000075F9 /* GAMasterViewController.m in Sources */,
				1E502E01187DE67A000075F9 /* GAAppDelegate.m in Sources */,
				1E502DFD187DE67A000075F9 /* main.m in Sources */,
				1E502E38187DE7B2000075F9 /* PDFView.m in Sources */,
				1E502E39187DE7B2000075F9 /* UIImage+PDF.m in Sources */,
				1E502E36187DE7B2000075F9 /* NSData+MD5.m in Sources */,
				1E501729188606D8006A6071 /* Building.m in Sources */,
			);
			runOnlyForDeploymentPostprocessing = 0;
		};
		1E502E10187DE67A000075F9 /* Sources */ = {
			isa = PBXSourcesBuildPhase;
			buildActionMask = 2147483647;
			files = (
				1E502E22187DE67A000075F9 /* GustavusAppTests.m in Sources */,
			);
			runOnlyForDeploymentPostprocessing = 0;
		};
/* End PBXSourcesBuildPhase section */

/* Begin PBXTargetDependency section */
		1E502E1A187DE67A000075F9 /* PBXTargetDependency */ = {
			isa = PBXTargetDependency;
			target = 1E502DEC187DE67A000075F9 /* GustavusApp */;
			targetProxy = 1E502E19187DE67A000075F9 /* PBXContainerItemProxy */;
		};
/* End PBXTargetDependency section */

/* Begin PBXVariantGroup section */
		1E502DF9187DE67A000075F9 /* InfoPlist.strings */ = {
			isa = PBXVariantGroup;
			children = (
				1E502DFA187DE67A000075F9 /* en */,
			);
			name = InfoPlist.strings;
			sourceTree = "<group>";
		};
		1E502E02187DE67A000075F9 /* Main_iPhone.storyboard */ = {
			isa = PBXVariantGroup;
			children = (
				1E502E03187DE67A000075F9 /* Base */,
			);
			name = Main_iPhone.storyboard;
			sourceTree = "<group>";
		};
		1E502E05187DE67A000075F9 /* Main_iPad.storyboard */ = {
			isa = PBXVariantGroup;
			children = (
				1E502E06187DE67A000075F9 /* Base */,
			);
			name = Main_iPad.storyboard;
			sourceTree = "<group>";
		};
		1E502E1E187DE67A000075F9 /* InfoPlist.strings */ = {
			isa = PBXVariantGroup;
			children = (
				1E502E1F187DE67A000075F9 /* en */,
			);
			name = InfoPlist.strings;
			sourceTree = "<group>";
		};
/* End PBXVariantGroup section */

/* Begin XCBuildConfiguration section */
		1E502E23187DE67A000075F9 /* Debug */ = {
			isa = XCBuildConfiguration;
			buildSettings = {
				ALWAYS_SEARCH_USER_PATHS = NO;
				ARCHS = "$(ARCHS_STANDARD_INCLUDING_64_BIT)";
				CLANG_CXX_LANGUAGE_STANDARD = "gnu++0x";
				CLANG_CXX_LIBRARY = "libc++";
				CLANG_ENABLE_MODULES = YES;
				CLANG_ENABLE_OBJC_ARC = YES;
				CLANG_WARN_BOOL_CONVERSION = YES;
				CLANG_WARN_CONSTANT_CONVERSION = YES;
				CLANG_WARN_DIRECT_OBJC_ISA_USAGE = YES_ERROR;
				CLANG_WARN_EMPTY_BODY = YES;
				CLANG_WARN_ENUM_CONVERSION = YES;
				CLANG_WARN_INT_CONVERSION = YES;
				CLANG_WARN_OBJC_ROOT_CLASS = YES_ERROR;
				CLANG_WARN__DUPLICATE_METHOD_MATCH = YES;
				"CODE_SIGN_IDENTITY[sdk=iphoneos*]" = "iPhone Developer";
				COPY_PHASE_STRIP = NO;
				GCC_C_LANGUAGE_STANDARD = gnu99;
				GCC_DYNAMIC_NO_PIC = NO;
				GCC_OPTIMIZATION_LEVEL = 0;
				GCC_PREPROCESSOR_DEFINITIONS = (
					"DEBUG=1",
					"$(inherited)",
				);
				GCC_SYMBOLS_PRIVATE_EXTERN = NO;
				GCC_WARN_64_TO_32_BIT_CONVERSION = YES;
				GCC_WARN_ABOUT_RETURN_TYPE = YES_ERROR;
				GCC_WARN_UNDECLARED_SELECTOR = YES;
				GCC_WARN_UNINITIALIZED_AUTOS = YES;
				GCC_WARN_UNUSED_FUNCTION = YES;
				GCC_WARN_UNUSED_VARIABLE = YES;
				IPHONEOS_DEPLOYMENT_TARGET = 7.0;
				ONLY_ACTIVE_ARCH = YES;
				SDKROOT = iphoneos;
				TARGETED_DEVICE_FAMILY = "1,2";
			};
			name = Debug;
		};
		1E502E24187DE67A000075F9 /* Release */ = {
			isa = XCBuildConfiguration;
			buildSettings = {
				ALWAYS_SEARCH_USER_PATHS = NO;
				ARCHS = "$(ARCHS_STANDARD_INCLUDING_64_BIT)";
				CLANG_CXX_LANGUAGE_STANDARD = "gnu++0x";
				CLANG_CXX_LIBRARY = "libc++";
				CLANG_ENABLE_MODULES = YES;
				CLANG_ENABLE_OBJC_ARC = YES;
				CLANG_WARN_BOOL_CONVERSION = YES;
				CLANG_WARN_CONSTANT_CONVERSION = YES;
				CLANG_WARN_DIRECT_OBJC_ISA_USAGE = YES_ERROR;
				CLANG_WARN_EMPTY_BODY = YES;
				CLANG_WARN_ENUM_CONVERSION = YES;
				CLANG_WARN_INT_CONVERSION = YES;
				CLANG_WARN_OBJC_ROOT_CLASS = YES_ERROR;
				CLANG_WARN__DUPLICATE_METHOD_MATCH = YES;
				"CODE_SIGN_IDENTITY[sdk=iphoneos*]" = "iPhone Developer";
				COPY_PHASE_STRIP = YES;
				ENABLE_NS_ASSERTIONS = NO;
				GCC_C_LANGUAGE_STANDARD = gnu99;
				GCC_WARN_64_TO_32_BIT_CONVERSION = YES;
				GCC_WARN_ABOUT_RETURN_TYPE = YES_ERROR;
				GCC_WARN_UNDECLARED_SELECTOR = YES;
				GCC_WARN_UNINITIALIZED_AUTOS = YES;
				GCC_WARN_UNUSED_FUNCTION = YES;
				GCC_WARN_UNUSED_VARIABLE = YES;
				IPHONEOS_DEPLOYMENT_TARGET = 7.0;
				SDKROOT = iphoneos;
				TARGETED_DEVICE_FAMILY = "1,2";
				VALIDATE_PRODUCT = YES;
			};
			name = Release;
		};
		1E502E26187DE67A000075F9 /* Debug */ = {
			isa = XCBuildConfiguration;
			buildSettings = {
				ASSETCATALOG_COMPILER_APPICON_NAME = AppIcon;
				ASSETCATALOG_COMPILER_LAUNCHIMAGE_NAME = LaunchImage;
				CODE_SIGN_IDENTITY = "iPhone Developer";
				GCC_PRECOMPILE_PREFIX_HEADER = YES;
				GCC_PREFIX_HEADER = "GustavusApp/GustavusApp-Prefix.pch";
				INFOPLIST_FILE = "GustavusApp/GustavusApp-Info.plist";
				PRODUCT_NAME = "$(TARGET_NAME)";
				WRAPPER_EXTENSION = app;
			};
			name = Debug;
		};
		1E502E27187DE67A000075F9 /* Release */ = {
			isa = XCBuildConfiguration;
			buildSettings = {
				ASSETCATALOG_COMPILER_APPICON_NAME = AppIcon;
				ASSETCATALOG_COMPILER_LAUNCHIMAGE_NAME = LaunchImage;
				CODE_SIGN_IDENTITY = "iPhone Developer";
				GCC_PRECOMPILE_PREFIX_HEADER = YES;
				GCC_PREFIX_HEADER = "GustavusApp/GustavusApp-Prefix.pch";
				INFOPLIST_FILE = "GustavusApp/GustavusApp-Info.plist";
				PRODUCT_NAME = "$(TARGET_NAME)";
				WRAPPER_EXTENSION = app;
			};
			name = Release;
		};
		1E502E29187DE67A000075F9 /* Debug */ = {
			isa = XCBuildConfiguration;
			buildSettings = {
				ARCHS = "$(ARCHS_STANDARD_INCLUDING_64_BIT)";
				BUNDLE_LOADER = "$(BUILT_PRODUCTS_DIR)/GustavusApp.app/GustavusApp";
				FRAMEWORK_SEARCH_PATHS = (
					"$(SDKROOT)/Developer/Library/Frameworks",
					"$(inherited)",
					"$(DEVELOPER_FRAMEWORKS_DIR)",
				);
				GCC_PRECOMPILE_PREFIX_HEADER = YES;
				GCC_PREFIX_HEADER = "GustavusApp/GustavusApp-Prefix.pch";
				GCC_PREPROCESSOR_DEFINITIONS = (
					"DEBUG=1",
					"$(inherited)",
				);
				INFOPLIST_FILE = "GustavusAppTests/GustavusAppTests-Info.plist";
				PRODUCT_NAME = "$(TARGET_NAME)";
				TEST_HOST = "$(BUNDLE_LOADER)";
				WRAPPER_EXTENSION = xctest;
			};
			name = Debug;
		};
		1E502E2A187DE67A000075F9 /* Release */ = {
			isa = XCBuildConfiguration;
			buildSettings = {
				ARCHS = "$(ARCHS_STANDARD_INCLUDING_64_BIT)";
				BUNDLE_LOADER = "$(BUILT_PRODUCTS_DIR)/GustavusApp.app/GustavusApp";
				FRAMEWORK_SEARCH_PATHS = (
					"$(SDKROOT)/Developer/Library/Frameworks",
					"$(inherited)",
					"$(DEVELOPER_FRAMEWORKS_DIR)",
				);
				GCC_PRECOMPILE_PREFIX_HEADER = YES;
				GCC_PREFIX_HEADER = "GustavusApp/GustavusApp-Prefix.pch";
				INFOPLIST_FILE = "GustavusAppTests/GustavusAppTests-Info.plist";
				PRODUCT_NAME = "$(TARGET_NAME)";
				TEST_HOST = "$(BUNDLE_LOADER)";
				WRAPPER_EXTENSION = xctest;
			};
			name = Release;
		};
/* End XCBuildConfiguration section */

/* Begin XCConfigurationList section */
		1E502DE8187DE67A000075F9 /* Build configuration list for PBXProject "GustavusApp" */ = {
			isa = XCConfigurationList;
			buildConfigurations = (
				1E502E23187DE67A000075F9 /* Debug */,
				1E502E24187DE67A000075F9 /* Release */,
			);
			defaultConfigurationIsVisible = 0;
			defaultConfigurationName = Release;
		};
		1E502E25187DE67A000075F9 /* Build configuration list for PBXNativeTarget "GustavusApp" */ = {
			isa = XCConfigurationList;
			buildConfigurations = (
				1E502E26187DE67A000075F9 /* Debug */,
				1E502E27187DE67A000075F9 /* Release */,
			);
			defaultConfigurationIsVisible = 0;
			defaultConfigurationName = Release;
		};
		1E502E28187DE67A000075F9 /* Build configuration list for PBXNativeTarget "GustavusAppTests" */ = {
			isa = XCConfigurationList;
			buildConfigurations = (
				1E502E29187DE67A000075F9 /* Debug */,
				1E502E2A187DE67A000075F9 /* Release */,
			);
			defaultConfigurationIsVisible = 0;
			defaultConfigurationName = Release;
		};
/* End XCConfigurationList section */
	};
	rootObject = 1E502DE5187DE67A000075F9 /* Project object */;
}
